{
  "pins" : [
    {
      "identity" : "iqkeyboardmanager",
      "kind" : "remoteSourceControl",
      "location" : "https://github.com/hackiftekhar/IQKeyboardManager",
      "state" : {
        "revision" : "abdf4e49e2178f6fb46fd71f8d87866140feda7c",
        "version" : "6.5.15"
      }
    }
  ],
  "version" : 2
}
